
Microsoft Visual Studio Solution File, Format Version 12.00
# Visual Studio Version 16
VisualStudioVersion = 16.0.30413.136
MinimumVisualStudioVersion = 10.0.40219.1
Project("{FAE04EC0-301F-11D3-BF4B-00C04F79EFBC}") = "BuildingBlocks.CQRS", "BuildingBlocks.CQRS\BuildingBlocks.CQRS.csproj", "{F5CB5E51-AD21-437D-A1A6-E6954A9924E5}"
EndProject
Project("{FAE04EC0-301F-11D3-BF4B-00C04F79EFBC}") = "BuildingBlocks.CQRS.Tests", "BuildingBlocks.CQRS.Tests\BuildingBlocks.CQRS.Tests.csproj", "{8D1AAF73-E051-44E2-968C-869C6CDF5A68}"
EndProject
Global
	GlobalSection(SolutionConfigurationPlatforms) = preSolution
		Debug|Any CPU = Debug|Any CPU
		Release|Any CPU = Release|Any CPU
	EndGlobalSection
	GlobalSection(ProjectConfigurationPlatforms) = postSolution
		{F5CB5E51-AD21-437D-A1A6-E6954A9924E5}.Debug|Any CPU.ActiveCfg = Debug|Any CPU
		{F5CB5E51-AD21-437D-A1A6-E6954A9924E5}.Debug|Any CPU.Build.0 = Debug|Any CPU
		{F5CB5E51-AD21-437D-A1A6-E6954A9924E5}.Release|Any CPU.ActiveCfg = Release|Any CPU
		{F5CB5E51-AD21-437D-A1A6-E6954A9924E5}.Release|Any CPU.Build.0 = Release|Any CPU
		{8D1AAF73-E051-44E2-968C-869C6CDF5A68}.Debug|Any CPU.ActiveCfg = Debug|Any CPU
		{8D1AAF73-E051-44E2-968C-869C6CDF5A68}.Debug|Any CPU.Build.0 = Debug|Any CPU
		{8D1AAF73-E051-44E2-968C-869C6CDF5A68}.Release|Any CPU.ActiveCfg = Release|Any CPU
		{8D1AAF73-E051-44E2-968C-869C6CDF5A68}.Release|Any CPU.Build.0 = Release|Any CPU
	EndGlobalSection
	GlobalSection(SolutionProperties) = preSolution
		HideSolutionNode = FALSE
	EndGlobalSection
	GlobalSection(ExtensibilityGlobals) = postSolution
		SolutionGuid = {8E0D509D-36D4-46C7-8A1E-9FE79A2F3E0C}
	EndGlobalSection
EndGlobal
